
Microsoft Visual Studio Solution File, Format Version 12.00
Project("{FAE04EC0-301F-11D3-BF4B-00C04F79EFBC}") = "Jupyter-PowerShell5", "Jupyter-PowerShell5.csproj", "{DB73B878-C2A7-46E4-8B08-499964BC7009}"
EndProject
Global
	GlobalSection(SolutionConfigurationPlatforms) = preSolution
		Release|x64 = Release|x64
		Debug|x64 = Debug|x64
	EndGlobalSection
	GlobalSection(ProjectConfigurationPlatforms) = postSolution
		{DB73B878-C2A7-46E4-8B08-499964BC7009}.Release|x64.ActiveCfg = Release|x64
		{DB73B878-C2A7-46E4-8B08-499964BC7009}.Release|x64.Build.0 = Release|x64
		{DB73B878-C2A7-46E4-8B08-499964BC7009}.Debug|x64.ActiveCfg = Debug|x64
		{DB73B878-C2A7-46E4-8B08-499964BC7009}.Debug|x64.Build.0 = Debug|x64
	EndGlobalSection
EndGlobal
